// !$*UTF8*$!
{
	archiveVersion = 1;
	classes = {
	};
	objectVersion = 46;
	objects = {

/* Begin PBXBuildFile section */
		04FE76C91A04901700733238 /* AppDelegate.swift in Sources */ = {isa = PBXBuildFile; fileRef = 04FE76C81A04901700733238 /* AppDelegate.swift */; };
		04FE76CB1A04901700733238 /* ViewController.swift in Sources */ = {isa = PBXBuildFile; fileRef = 04FE76CA1A04901700733238 /* ViewController.swift */; };
		04FE76CE1A04901700733238 /* Main.storyboard in Resources */ = {isa = PBXBuildFile; fileRef = 04FE76CC1A04901700733238 /* Main.storyboard */; };
		04FE76D01A04901700733238 /* Images.xcassets in Resources */ = {isa = PBXBuildFile; fileRef = 04FE76CF1A04901700733238 /* Images.xcassets */; };
		04FE76D31A04901700733238 /* LaunchScreen.xib in Resources */ = {isa = PBXBuildFile; fileRef = 04FE76D11A04901700733238 /* LaunchScreen.xib */; };
		04FE76DF1A04901700733238 /* TipCalculatorTests.swift in Sources */ = {isa = PBXBuildFile; fileRef = 04FE76DE1A04901700733238 /* TipCalculatorTests.swift */; };
		04FE76E91A04906400733238 /* TipCalculatorModel.swift in Sources */ = {isa = PBXBuildFile; fileRef = 04FE76E81A04906400733238 /* TipCalculatorModel.swift */; };
/* End PBXBuildFile section */

/* Begin PBXContainerItemProxy section */
		04FE76D91A04901700733238 /* PBXContainerItemProxy */ = {
			isa = PBXContainerItemProxy;
			containerPortal = 04FE76BB1A04901700733238 /* Project object */;
			proxyType = 1;
			remoteGlobalIDString = 04FE76C21A04901700733238;
			remoteInfo = TipCalculator;
		};
/* End PBXContainerItemProxy section */

/* Begin PBXFileReference section */
		04FE76C31A04901700733238 /* TipCalculator.app */ = {isa = PBXFileReference; explicitFileType = wrapper.application; includeInIndex = 0; path = TipCalculator.app; sourceTree = BUILT_PRODUCTS_DIR; };
		04FE76C71A04901700733238 /* Info.plist */ = {isa = PBXFileReference; lastKnownFileType = text.plist.xml; path = Info.plist; sourceTree = "<group>"; };
		04FE76C81A04901700733238 /* AppDelegate.swift */ = {isa = PBXFileReference; lastKnownFileType = sourcecode.swift; path = AppDelegate.swift; sourceTree = "<group>"; };
		04FE76CA1A04901700733238 /* ViewController.swift */ = {isa = PBXFileReference; lastKnownFileType = sourcecode.swift; path = ViewController.swift; sourceTree = "<group>"; };
		04FE76CD1A04901700733238 /* Base */ = {isa = PBXFileReference; lastKnownFileType = file.storyboard; name = Base; path = Base.lproj/Main.storyboard; sourceTree = "<group>"; };
		04FE76CF1A04901700733238 /* Images.xcassets */ = {isa = PBXFileReference; lastKnownFileType = folder.assetcatalog; path = Images.xcassets; sourceTree = "<group>"; };
		04FE76D21A04901700733238 /* Base */ = {isa = PBXFileReference; lastKnownFileType = file.xib; name = Base; path = Base.lproj/LaunchScreen.xib; sourceTree = "<group>"; };
		04FE76D81A04901700733238 /* TipCalculatorTests.xctest */ = {isa = PBXFileReference; explicitFileType = wrapper.cfbundle; includeInIndex = 0; path = TipCalculatorTests.xctest; sourceTree = BUILT_PRODUCTS_DIR; };
		04FE76DD1A04901700733238 /* Info.plist */ = {isa = PBXFileReference; lastKnownFileType = text.plist.xml; path = Info.plist; sourceTree = "<group>"; };
		04FE76DE1A04901700733238 /* TipCalculatorTests.swift */ = {isa = PBXFileReference; lastKnownFileType = sourcecode.swift; path = TipCalculatorTests.swift; sourceTree = "<group>"; };
		04FE76E81A04906400733238 /* TipCalculatorModel.swift */ = {isa = PBXFileReference; fileEncoding = 4; lastKnownFileType = sourcecode.swift; path = TipCalculatorModel.swift; sourceTree = "<group>"; };
/* End PBXFileReference section */

/* Begin PBXFrameworksBuildPhase section */
		04FE76C01A04901700733238 /* Frameworks */ = {
			isa = PBXFrameworksBuildPhase;
			buildActionMask = 2147483647;
			files = (
			);
			runOnlyForDeploymentPostprocessing = 0;
		};
		04FE76D51A04901700733238 /* Frameworks */ = {
			isa = PBXFrameworksBuildPhase;
			buildActionMask = 2147483647;
			files = (
			);
			runOnlyForDeploymentPostprocessing = 0;
		};
/* End PBXFrameworksBuildPhase section */

/* Begin PBXGroup section */
		04FE76BA1A04901700733238 = {
			isa = PBXGroup;
			children = (
				04FE76E81A04906400733238 /* TipCalculatorModel.swift */,
				04FE76C51A04901700733238 /* TipCalculator */,
				04FE76DB1A04901700733238 /* TipCalculatorTests */,
				04FE76C41A04901700733238 /* Products */,
			);
			sourceTree = "<group>";
		};
		04FE76C41A04901700733238 /* Products */ = {
			isa = PBXGroup;
			children = (
				04FE76C31A04901700733238 /* TipCalculator.app */,
				04FE76D81A04901700733238 /* TipCalculatorTests.xctest */,
			);
			name = Products;
			sourceTree = "<group>";
		};
		04FE76C51A04901700733238 /* TipCalculator */ = {
			isa = PBXGroup;
			children = (
				04FE76C81A04901700733238 /* AppDelegate.swift */,
				04FE76CA1A04901700733238 /* ViewController.swift */,
				04FE76CC1A04901700733238 /* Main.storyboard */,
				04FE76CF1A04901700733238 /* Images.xcassets */,
				04FE76D11A04901700733238 /* LaunchScreen.xib */,
				04FE76C61A04901700733238 /* Supporting Files */,
			);
			path = TipCalculator;
			sourceTree = "<group>";
		};
		04FE76C61A04901700733238 /* Supporting Files */ = {
			isa = PBXGroup;
			children = (
				04FE76C71A04901700733238 /* Info.plist */,
			);
			name = "Supporting Files";
			sourceTree = "<group>";
		};
		04FE76DB1A04901700733238 /* TipCalculatorTests */ = {
			isa = PBXGroup;
			children = (
				04FE76DE1A04901700733238 /* TipCalculatorTests.swift */,
				04FE76DC1A04901700733238 /* Supporting Files */,
			);
			path = TipCalculatorTests;
			sourceTree = "<group>";
		};
		04FE76DC1A04901700733238 /* Supporting Files */ = {
			isa = PBXGroup;
			children = (
				04FE76DD1A04901700733238 /* Info.plist */,
			);
			name = "Supporting Files";
			sourceTree = "<group>";
		};
/* End PBXGroup section */

/* Begin PBXNativeTarget section */
		04FE76C21A04901700733238 /* TipCalculator */ = {
			isa = PBXNativeTarget;
			buildConfigurationList = 04FE76E21A04901700733238 /* Build configuration list for PBXNativeTarget "TipCalculator" */;
			buildPhases = (
				04FE76BF1A04901700733238 /* Sources */,
				04FE76C01A04901700733238 /* Frameworks */,
				04FE76C11A04901700733238 /* Resources */,
			);
			buildRules = (
			);
			dependencies = (
			);
			name = TipCalculator;
			productName = TipCalculator;
			productReference = 04FE76C31A04901700733238 /* TipCalculator.app */;
			productType = "com.apple.product-type.application";
		};
		04FE76D71A04901700733238 /* TipCalculatorTests */ = {
			isa = PBXNativeTarget;
			buildConfigurationList = 04FE76E51A04901700733238 /* Build configuration list for PBXNativeTarget "TipCalculatorTests" */;
			buildPhases = (
				04FE76D41A04901700733238 /* Sources */,
				04FE76D51A04901700733238 /* Frameworks */,
				04FE76D61A04901700733238 /* Resources */,
			);
			buildRules = (
			);
			dependencies = (
				04FE76DA1A04901700733238 /* PBXTargetDependency */,
			);
			name = TipCalculatorTests;
			productName = TipCalculatorTests;
			productReference = 04FE76D81A04901700733238 /* TipCalculatorTests.xctest */;
			productType = "com.apple.product-type.bundle.unit-test";
		};
/* End PBXNativeTarget section */

/* Begin PBXProject section */
		04FE76BB1A04901700733238 /* Project object */ = {
			isa = PBXProject;
			attributes = {
				LastUpgradeCheck = 0610;
				ORGANIZATIONNAME = TonyJiang;
				TargetAttributes = {
					04FE76C21A04901700733238 = {
						CreatedOnToolsVersion = 6.1;
					};
					04FE76D71A04901700733238 = {
						CreatedOnToolsVersion = 6.1;
						TestTargetID = 04FE76C21A04901700733238;
					};
				};
			};
			buildConfigurationList = 04FE76BE1A04901700733238 /* Build configuration list for PBXProject "TipCalculator" */;
			compatibilityVersion = "Xcode 3.2";
			developmentRegion = English;
			hasScannedForEncodings = 0;
			knownRegions = (
				en,
				Base,
			);
			mainGroup = 04FE76BA1A04901700733238;
			productRefGroup = 04FE76C41A04901700733238 /* Products */;
			projectDirPath = "";
			projectRoot = "";
			targets = (
				04FE76C21A04901700733238 /* TipCalculator */,
				04FE76D71A04901700733238 /* TipCalculatorTests */,
			);
		};
/* End PBXProject section */

/* Begin PBXResourcesBuildPhase section */
		04FE76C11A04901700733238 /* Resources */ = {
			isa = PBXResourcesBuildPhase;
			buildActionMask = 2147483647;
			files = (
				04FE76CE1A04901700733238 /* Main.storyboard in Resources */,
				04FE76D31A04901700733238 /* LaunchScreen.xib in Resources */,
				04FE76D01A04901700733238 /* Images.xcassets in Resources */,
			);
			runOnlyForDeploymentPostprocessing = 0;
		};
		04FE76D61A04901700733238 /* Resources */ = {
			isa = PBXResourcesBuildPhase;
			buildActionMask = 2147483647;
			files = (
			);
			runOnlyForDeploymentPostprocessing = 0;
		};
/* End PBXResourcesBuildPhase section */

/* Begin PBXSourcesBuildPhase section */
		04FE76BF1A04901700733238 /* Sources */ = {
			isa = PBXSourcesBuildPhase;
			buildActionMask = 2147483647;
			files = (
				04FE76E91A04906400733238 /* TipCalculatorModel.swift in Sources */,
				04FE76CB1A04901700733238 /* ViewController.swift in Sources */,
				04FE76C91A04901700733238 /* AppDelegate.swift in Sources */,
			);
			runOnlyForDeploymentPostprocessing = 0;
		};
		04FE76D41A04901700733238 /* Sources */ = {
			isa = PBXSourcesBuildPhase;
			buildActionMask = 2147483647;
			files = (
				04FE76DF1A04901700733238 /* TipCalculatorTests.swift in Sources */,
			);
			runOnlyForDeploymentPostprocessing = 0;
		};
/* End PBXSourcesBuildPhase section */

/* Begin PBXTargetDependency section */
		04FE76DA1A04901700733238 /* PBXTargetDependency */ = {
			isa = PBXTargetDependency;
			target = 04FE76C21A04901700733238 /* TipCalculator */;
			targetProxy = 04FE76D91A04901700733238 /* PBXContainerItemProxy */;
		};
/* End PBXTargetDependency section */

/* Begin PBXVariantGroup section */
		04FE76CC1A04901700733238 /* Main.storyboard */ = {
			isa = PBXVariantGroup;
			children = (
				04FE76CD1A04901700733238 /* Base */,
			);
			name = Main.storyboard;
			sourceTree = "<group>";
		};
		04FE76D11A04901700733238 /* LaunchScreen.xib */ = {
			isa = PBXVariantGroup;
			children = (
				04FE76D21A04901700733238 /* Base */,
			);
			name = LaunchScreen.xib;
			sourceTree = "<group>";
		};
/* End PBXVariantGroup section */

/* Begin XCBuildConfiguration section */
		04FE76E01A04901700733238 /* Debug */ = {
			isa = XCBuildConfiguration;
			buildSettings = {
				ALWAYS_SEARCH_USER_PATHS = NO;
				CLANG_CXX_LANGUAGE_STANDARD = "gnu++0x";
				CLANG_CXX_LIBRARY = "libc++";
				CLANG_ENABLE_MODULES = YES;
				CLANG_ENABLE_OBJC_ARC = YES;
				CLANG_WARN_BOOL_CONVERSION = YES;
				CLANG_WARN_CONSTANT_CONVERSION = YES;
				CLANG_WARN_DIRECT_OBJC_ISA_USAGE = YES_ERROR;
				CLANG_WARN_EMPTY_BODY = YES;
				CLANG_WARN_ENUM_CONVERSION = YES;
				CLANG_WARN_INT_CONVERSION = YES;
				CLANG_WARN_OBJC_ROOT_CLASS = YES_ERROR;
				CLANG_WARN_UNREACHABLE_CODE = YES;
				CLANG_WARN__DUPLICATE_METHOD_MATCH = YES;
				"CODE_SIGN_IDENTITY[sdk=iphoneos*]" = "iPhone Developer";
				COPY_PHASE_STRIP = NO;
				ENABLE_STRICT_OBJC_MSGSEND = YES;
				GCC_C_LANGUAGE_STANDARD = gnu99;
				GCC_DYNAMIC_NO_PIC = NO;
				GCC_OPTIMIZATION_LEVEL = 0;
				GCC_PREPROCESSOR_DEFINITIONS = (
					"DEBUG=1",
					"$(inherited)",
				);
				GCC_SYMBOLS_PRIVATE_EXTERN = NO;
				GCC_WARN_64_TO_32_BIT_CONVERSION = YES;
				GCC_WARN_ABOUT_RETURN_TYPE = YES_ERROR;
				GCC_WARN_UNDECLARED_SELECTOR = YES;
				GCC_WARN_UNINITIALIZED_AUTOS = YES_AGGRESSIVE;
				GCC_WARN_UNUSED_FUNCTION = YES;
				GCC_WARN_UNUSED_VARIABLE = YES;
				IPHONEOS_DEPLOYMENT_TARGET = 8.1;
				MTL_ENABLE_DEBUG_INFO = YES;
				ONLY_ACTIVE_ARCH = YES;
				SDKROOT = iphoneos;
				SWIFT_OPTIMIZATION_LEVEL = "-Onone";
			};
			name = Debug;
		};
		04FE76E11A04901700733238 /* Release */ = {
			isa = XCBuildConfiguration;
			buildSettings = {
				ALWAYS_SEARCH_USER_PATHS = NO;
				CLANG_CXX_LANGUAGE_STANDARD = "gnu++0x";
				CLANG_CXX_LIBRARY = "libc++";
				CLANG_ENABLE_MODULES = YES;
				CLANG_ENABLE_OBJC_ARC = YES;
				CLANG_WARN_BOOL_CONVERSION = YES;
				CLANG_WARN_CONSTANT_CONVERSION = YES;
				CLANG_WARN_DIRECT_OBJC_ISA_USAGE = YES_ERROR;
				CLANG_WARN_EMPTY_BODY = YES;
				CLANG_WARN_ENUM_CONVERSION = YES;
				CLANG_WARN_INT_CONVERSION = YES;
				CLANG_WARN_OBJC_ROOT_CLASS = YES_ERROR;
				CLANG_WARN_UNREACHABLE_CODE = YES;
				CLANG_WARN__DUPLICATE_METHOD_MATCH = YES;
				"CODE_SIGN_IDENTITY[sdk=iphoneos*]" = "iPhone Developer";
				COPY_PHASE_STRIP = YES;
				ENABLE_NS_ASSERTIONS = NO;
				ENABLE_STRICT_OBJC_MSGSEND = YES;
				GCC_C_LANGUAGE_STANDARD = gnu99;
				GCC_WARN_64_TO_32_BIT_CONVERSION = YES;
				GCC_WARN_ABOUT_RETURN_TYPE = YES_ERROR;
				GCC_WARN_UNDECLARED_SELECTOR = YES;
				GCC_WARN_UNINITIALIZED_AUTOS = YES_AGGRESSIVE;
				GCC_WARN_UNUSED_FUNCTION = YES;
				GCC_WARN_UNUSED_VARIABLE = YES;
				IPHONEOS_DEPLOYMENT_TARGET = 8.1;
				MTL_ENABLE_DEBUG_INFO = NO;
				SDKROOT = iphoneos;
				VALIDATE_PRODUCT = YES;
			};
			name = Release;
		};
		04FE76E31A04901700733238 /* Debug */ = {
			isa = XCBuildConfiguration;
			buildSettings = {
				ASSETCATALOG_COMPILER_APPICON_NAME = AppIcon;
				INFOPLIST_FILE = TipCalculator/Info.plist;
				LD_RUNPATH_SEARCH_PATHS = "$(inherited) @executable_path/Frameworks";
				PRODUCT_NAME = "$(TARGET_NAME)";
			};
			name = Debug;
		};
		04FE76E41A04901700733238 /* Release */ = {
			isa = XCBuildConfiguration;
			buildSettings = {
				ASSETCATALOG_COMPILER_APPICON_NAME = AppIcon;
				INFOPLIST_FILE = TipCalculator/Info.plist;
				LD_RUNPATH_SEARCH_PATHS = "$(inherited) @executable_path/Frameworks";
				PRODUCT_NAME = "$(TARGET_NAME)";
			};
			name = Release;
		};
		04FE76E61A04901700733238 /* Debug */ = {
			isa = XCBuildConfiguration;
			buildSettings = {
				BUNDLE_LOADER = "$(TEST_HOST)";
				FRAMEWORK_SEARCH_PATHS = (
					"$(SDKROOT)/Developer/Library/Frameworks",
					"$(inherited)",
				);
				GCC_PREPROCESSOR_DEFINITIONS = (
					"DEBUG=1",
					"$(inherited)",
				);
				INFOPLIST_FILE = TipCalculatorTests/Info.plist;
				LD_RUNPATH_SEARCH_PATHS = "$(inherited) @executable_path/Frameworks @loader_path/Frameworks";
				PRODUCT_NAME = "$(TARGET_NAME)";
				TEST_HOST = "$(BUILT_PRODUCTS_DIR)/TipCalculator.app/TipCalculator";
			};
			name = Debug;
		};
		04FE76E71A04901700733238 /* Release */ = {
			isa = XCBuildConfiguration;
			buildSettings = {
				BUNDLE_LOADER = "$(TEST_HOST)";
				FRAMEWORK_SEARCH_PATHS = (
					"$(SDKROOT)/Developer/Library/Frameworks",
					"$(inherited)",
				);
				INFOPLIST_FILE = TipCalculatorTests/Info.plist;
				LD_RUNPATH_SEARCH_PATHS = "$(inherited) @executable_path/Frameworks @loader_path/Frameworks";
				PRODUCT_NAME = "$(TARGET_NAME)";
				TEST_HOST = "$(BUILT_PRODUCTS_DIR)/TipCalculator.app/TipCalculator";
			};
			name = Release;
		};
/* End XCBuildConfiguration section */

/* Begin XCConfigurationList section */
		04FE76BE1A04901700733238 /* Build configuration list for PBXProject "TipCalculator" */ = {
			isa = XCConfigurationList;
			buildConfigurations = (
				04FE76E01A04901700733238 /* Debug */,
				04FE76E11A04901700733238 /* Release */,
			);
			defaultConfigurationIsVisible = 0;
			defaultConfigurationName = Release;
		};
		04FE76E21A04901700733238 /* Build configuration list for PBXNativeTarget "TipCalculator" */ = {
			isa = XCConfigurationList;
			buildConfigurations = (
				04FE76E31A04901700733238 /* Debug */,
				04FE76E41A04901700733238 /* Release */,
			);
			defaultConfigurationIsVisible = 0;
		};
		04FE76E51A04901700733238 /* Build configuration list for PBXNativeTarget "TipCalculatorTests" */ = {
			isa = XCConfigurationList;
			buildConfigurations = (
				04FE76E61A04901700733238 /* Debug */,
				04FE76E71A04901700733238 /* Release */,
			);
			defaultConfigurationIsVisible = 0;
		};
/* End XCConfigurationList section */
	};
	rootObject = 04FE76BB1A04901700733238 /* Project object */;
}
